
Microsoft Visual Studio Solution File, Format Version 12.00
# Visual Studio Version 17
VisualStudioVersion = 17.11.35303.130
MinimumVisualStudioVersion = 10.0.40219.1
Project("{9A19103F-16F7-4668-BE54-9A1E7A4F7556}") = "Hello World", "Hello World\Hello World.csproj", "{32BEAC7C-2C4A-4C0A-9FD8-F7F71E74B3CB}"
EndProject
Global
	GlobalSection(SolutionConfigurationPlatforms) = preSolution
		Debug|Any CPU = Debug|Any CPU
		Release|Any CPU = Release|Any CPU
	EndGlobalSection
	GlobalSection(ProjectConfigurationPlatforms) = postSolution
		{32BEAC7C-2C4A-4C0A-9FD8-F7F71E74B3CB}.Debug|Any CPU.ActiveCfg = Debug|Any CPU
		{32BEAC7C-2C4A-4C0A-9FD8-F7F71E74B3CB}.Debug|Any CPU.Build.0 = Debug|Any CPU
		{32BEAC7C-2C4A-4C0A-9FD8-F7F71E74B3CB}.Release|Any CPU.ActiveCfg = Release|Any CPU
		{32BEAC7C-2C4A-4C0A-9FD8-F7F71E74B3CB}.Release|Any CPU.Build.0 = Release|Any CPU
	EndGlobalSection
	GlobalSection(SolutionProperties) = preSolution
		HideSolutionNode = FALSE
	EndGlobalSection
	GlobalSection(ExtensibilityGlobals) = postSolution
		SolutionGuid = {FCB1A356-F2A0-4C69-B645-CFD63524E54C}
	EndGlobalSection
EndGlobal
